
Microsoft Visual Studio Solution File, Format Version 12.00
# Visual Studio Version 16
VisualStudioVersion = 16.0.30611.23
MinimumVisualStudioVersion = 10.0.40219.1
Project("{FAE04EC0-301F-11D3-BF4B-00C04F79EFBC}") = "DotNettyPractice", "DotNettyPractice\DotNettyPractice.csproj", "{F1B2CCDF-2F40-424C-8307-25C0DFCE9BD3}"
EndProject
Global
	GlobalSection(SolutionConfigurationPlatforms) = preSolution
		Debug|Any CPU = Debug|Any CPU
		Release|Any CPU = Release|Any CPU
	EndGlobalSection
	GlobalSection(ProjectConfigurationPlatforms) = postSolution
		{F1B2CCDF-2F40-424C-8307-25C0DFCE9BD3}.Debug|Any CPU.ActiveCfg = Debug|Any CPU
		{F1B2CCDF-2F40-424C-8307-25C0DFCE9BD3}.Debug|Any CPU.Build.0 = Debug|Any CPU
		{F1B2CCDF-2F40-424C-8307-25C0DFCE9BD3}.Release|Any CPU.ActiveCfg = Release|Any CPU
		{F1B2CCDF-2F40-424C-8307-25C0DFCE9BD3}.Release|Any CPU.Build.0 = Release|Any CPU
	EndGlobalSection
	GlobalSection(SolutionProperties) = preSolution
		HideSolutionNode = FALSE
	EndGlobalSection
	GlobalSection(ExtensibilityGlobals) = postSolution
		SolutionGuid = {7F6FCD81-CD30-453D-A429-0AC5D8514596}
	EndGlobalSection
EndGlobal
